// !$*UTF8*$!
{
	archiveVersion = 1;
	classes = {
	};
	objectVersion = 46;
	objects = {

/* Begin PBXBuildFile section */
		899649D11AD9DE0E0011EED3 /* main.m in Sources */ = {isa = PBXBuildFile; fileRef = 899649D01AD9DE0E0011EED3 /* main.m */; };
		899649D91AD9DF350011EED3 /* BNRAppliance.m in Sources */ = {isa = PBXBuildFile; fileRef = 899649D81AD9DF350011EED3 /* BNRAppliance.m */; };
		899649DC1AD9DF570011EED3 /* BNROwnedAppliance.m in Sources */ = {isa = PBXBuildFile; fileRef = 899649DB1AD9DF570011EED3 /* BNROwnedAppliance.m */; };
/* End PBXBuildFile section */

/* Begin PBXCopyFilesBuildPhase section */
		899649CB1AD9DE0E0011EED3 /* CopyFiles */ = {
			isa = PBXCopyFilesBuildPhase;
			buildActionMask = 2147483647;
			dstPath = /usr/share/man/man1/;
			dstSubfolderSpec = 0;
			files = (
			);
			runOnlyForDeploymentPostprocessing = 1;
		};
/* End PBXCopyFilesBuildPhase section */

/* Begin PBXFileReference section */
		899649CD1AD9DE0E0011EED3 /* Ch33Appliances */ = {isa = PBXFileReference; explicitFileType = "compiled.mach-o.executable"; includeInIndex = 0; path = Ch33Appliances; sourceTree = BUILT_PRODUCTS_DIR; };
		899649D01AD9DE0E0011EED3 /* main.m */ = {isa = PBXFileReference; lastKnownFileType = sourcecode.c.objc; path = main.m; sourceTree = "<group>"; };
		899649D71AD9DF350011EED3 /* BNRAppliance.h */ = {isa = PBXFileReference; fileEncoding = 4; lastKnownFileType = sourcecode.c.h; path = BNRAppliance.h; sourceTree = "<group>"; };
		899649D81AD9DF350011EED3 /* BNRAppliance.m */ = {isa = PBXFileReference; fileEncoding = 4; lastKnownFileType = sourcecode.c.objc; path = BNRAppliance.m; sourceTree = "<group>"; };
		899649DA1AD9DF570011EED3 /* BNROwnedAppliance.h */ = {isa = PBXFileReference; fileEncoding = 4; lastKnownFileType = sourcecode.c.h; path = BNROwnedAppliance.h; sourceTree = "<group>"; };
		899649DB1AD9DF570011EED3 /* BNROwnedAppliance.m */ = {isa = PBXFileReference; fileEncoding = 4; lastKnownFileType = sourcecode.c.objc; path = BNROwnedAppliance.m; sourceTree = "<group>"; };
/* End PBXFileReference section */

/* Begin PBXFrameworksBuildPhase section */
		899649CA1AD9DE0E0011EED3 /* Frameworks */ = {
			isa = PBXFrameworksBuildPhase;
			buildActionMask = 2147483647;
			files = (
			);
			runOnlyForDeploymentPostprocessing = 0;
		};
/* End PBXFrameworksBuildPhase section */

/* Begin PBXGroup section */
		899649C41AD9DE0E0011EED3 = {
			isa = PBXGroup;
			children = (
				899649CF1AD9DE0E0011EED3 /* Ch33Appliances */,
				899649CE1AD9DE0E0011EED3 /* Products */,
			);
			sourceTree = "<group>";
		};
		899649CE1AD9DE0E0011EED3 /* Products */ = {
			isa = PBXGroup;
			children = (
				899649CD1AD9DE0E0011EED3 /* Ch33Appliances */,
			);
			name = Products;
			sourceTree = "<group>";
		};
		899649CF1AD9DE0E0011EED3 /* Ch33Appliances */ = {
			isa = PBXGroup;
			children = (
				899649D01AD9DE0E0011EED3 /* main.m */,
				899649D71AD9DF350011EED3 /* BNRAppliance.h */,
				899649D81AD9DF350011EED3 /* BNRAppliance.m */,
				899649DA1AD9DF570011EED3 /* BNROwnedAppliance.h */,
				899649DB1AD9DF570011EED3 /* BNROwnedAppliance.m */,
			);
			path = Ch33Appliances;
			sourceTree = "<group>";
		};
/* End PBXGroup section */

/* Begin PBXNativeTarget section */
		899649CC1AD9DE0E0011EED3 /* Ch33Appliances */ = {
			isa = PBXNativeTarget;
			buildConfigurationList = 899649D41AD9DE0E0011EED3 /* Build configuration list for PBXNativeTarget "Ch33Appliances" */;
			buildPhases = (
				899649C91AD9DE0E0011EED3 /* Sources */,
				899649CA1AD9DE0E0011EED3 /* Frameworks */,
				899649CB1AD9DE0E0011EED3 /* CopyFiles */,
			);
			buildRules = (
			);
			dependencies = (
			);
			name = Ch33Appliances;
			productName = Ch33Appliances;
			productReference = 899649CD1AD9DE0E0011EED3 /* Ch33Appliances */;
			productType = "com.apple.product-type.tool";
		};
/* End PBXNativeTarget section */

/* Begin PBXProject section */
		899649C51AD9DE0E0011EED3 /* Project object */ = {
			isa = PBXProject;
			attributes = {
				LastUpgradeCheck = 0630;
				ORGANIZATIONNAME = "Xiao Lu";
				TargetAttributes = {
					899649CC1AD9DE0E0011EED3 = {
						CreatedOnToolsVersion = 6.3;
					};
				};
			};
			buildConfigurationList = 899649C81AD9DE0E0011EED3 /* Build configuration list for PBXProject "Ch33Appliances" */;
			compatibilityVersion = "Xcode 3.2";
			developmentRegion = English;
			hasScannedForEncodings = 0;
			knownRegions = (
				en,
			);
			mainGroup = 899649C41AD9DE0E0011EED3;
			productRefGroup = 899649CE1AD9DE0E0011EED3 /* Products */;
			projectDirPath = "";
			projectRoot = "";
			targets = (
				899649CC1AD9DE0E0011EED3 /* Ch33Appliances */,
			);
		};
/* End PBXProject section */

/* Begin PBXSourcesBuildPhase section */
		899649C91AD9DE0E0011EED3 /* Sources */ = {
			isa = PBXSourcesBuildPhase;
			buildActionMask = 2147483647;
			files = (
				899649D91AD9DF350011EED3 /* BNRAppliance.m in Sources */,
				899649DC1AD9DF570011EED3 /* BNROwnedAppliance.m in Sources */,
				899649D11AD9DE0E0011EED3 /* main.m in Sources */,
			);
			runOnlyForDeploymentPostprocessing = 0;
		};
/* End PBXSourcesBuildPhase section */

/* Begin XCBuildConfiguration section */
		899649D21AD9DE0E0011EED3 /* Debug */ = {
			isa = XCBuildConfiguration;
			buildSettings = {
				ALWAYS_SEARCH_USER_PATHS = NO;
				CLANG_CXX_LANGUAGE_STANDARD = "gnu++0x";
				CLANG_CXX_LIBRARY = "libc++";
				CLANG_ENABLE_MODULES = YES;
				CLANG_ENABLE_OBJC_ARC = YES;
				CLANG_WARN_BOOL_CONVERSION = YES;
				CLANG_WARN_CONSTANT_CONVERSION = YES;
				CLANG_WARN_DIRECT_OBJC_ISA_USAGE = YES_ERROR;
				CLANG_WARN_EMPTY_BODY = YES;
				CLANG_WARN_ENUM_CONVERSION = YES;
				CLANG_WARN_INT_CONVERSION = YES;
				CLANG_WARN_OBJC_ROOT_CLASS = YES_ERROR;
				CLANG_WARN_UNREACHABLE_CODE = YES;
				CLANG_WARN__DUPLICATE_METHOD_MATCH = YES;
				COPY_PHASE_STRIP = NO;
				DEBUG_INFORMATION_FORMAT = dwarf;
				ENABLE_STRICT_OBJC_MSGSEND = YES;
				GCC_C_LANGUAGE_STANDARD = gnu99;
				GCC_DYNAMIC_NO_PIC = NO;
				GCC_NO_COMMON_BLOCKS = YES;
				GCC_OPTIMIZATION_LEVEL = 0;
				GCC_PREPROCESSOR_DEFINITIONS = (
					"DEBUG=1",
					"$(inherited)",
				);
				GCC_SYMBOLS_PRIVATE_EXTERN = NO;
				GCC_WARN_64_TO_32_BIT_CONVERSION = YES;
				GCC_WARN_ABOUT_RETURN_TYPE = YES_ERROR;
				GCC_WARN_UNDECLARED_SELECTOR = YES;
				GCC_WARN_UNINITIALIZED_AUTOS = YES_AGGRESSIVE;
				GCC_WARN_UNUSED_FUNCTION = YES;
				GCC_WARN_UNUSED_VARIABLE = YES;
				MACOSX_DEPLOYMENT_TARGET = 10.10;
				MTL_ENABLE_DEBUG_INFO = YES;
				ONLY_ACTIVE_ARCH = YES;
				SDKROOT = macosx;
			};
			name = Debug;
		};
		899649D31AD9DE0E0011EED3 /* Release */ = {
			isa = XCBuildConfiguration;
			buildSettings = {
				ALWAYS_SEARCH_USER_PATHS = NO;
				CLANG_CXX_LANGUAGE_STANDARD = "gnu++0x";
				CLANG_CXX_LIBRARY = "libc++";
				CLANG_ENABLE_MODULES = YES;
				CLANG_ENABLE_OBJC_ARC = YES;
				CLANG_WARN_BOOL_CONVERSION = YES;
				CLANG_WARN_CONSTANT_CONVERSION = YES;
				CLANG_WARN_DIRECT_OBJC_ISA_USAGE = YES_ERROR;
				CLANG_WARN_EMPTY_BODY = YES;
				CLANG_WARN_ENUM_CONVERSION = YES;
				CLANG_WARN_INT_CONVERSION = YES;
				CLANG_WARN_OBJC_ROOT_CLASS = YES_ERROR;
				CLANG_WARN_UNREACHABLE_CODE = YES;
				CLANG_WARN__DUPLICATE_METHOD_MATCH = YES;
				COPY_PHASE_STRIP = NO;
				DEBUG_INFORMATION_FORMAT = "dwarf-with-dsym";
				ENABLE_NS_ASSERTIONS = NO;
				ENABLE_STRICT_OBJC_MSGSEND = YES;
				GCC_C_LANGUAGE_STANDARD = gnu99;
				GCC_NO_COMMON_BLOCKS = YES;
				GCC_WARN_64_TO_32_BIT_CONVERSION = YES;
				GCC_WARN_ABOUT_RETURN_TYPE = YES_ERROR;
				GCC_WARN_UNDECLARED_SELECTOR = YES;
				GCC_WARN_UNINITIALIZED_AUTOS = YES_AGGRESSIVE;
				GCC_WARN_UNUSED_FUNCTION = YES;
				GCC_WARN_UNUSED_VARIABLE = YES;
				MACOSX_DEPLOYMENT_TARGET = 10.10;
				MTL_ENABLE_DEBUG_INFO = NO;
				SDKROOT = macosx;
			};
			name = Release;
		};
		899649D51AD9DE0E0011EED3 /* Debug */ = {
			isa = XCBuildConfiguration;
			buildSettings = {
				PRODUCT_NAME = "$(TARGET_NAME)";
			};
			name = Debug;
		};
		899649D61AD9DE0E0011EED3 /* Release */ = {
			isa = XCBuildConfiguration;
			buildSettings = {
				PRODUCT_NAME = "$(TARGET_NAME)";
			};
			name = Release;
		};
/* End XCBuildConfiguration section */

/* Begin XCConfigurationList section */
		899649C81AD9DE0E0011EED3 /* Build configuration list for PBXProject "Ch33Appliances" */ = {
			isa = XCConfigurationList;
			buildConfigurations = (
				899649D21AD9DE0E0011EED3 /* Debug */,
				899649D31AD9DE0E0011EED3 /* Release */,
			);
			defaultConfigurationIsVisible = 0;
			defaultConfigurationName = Release;
		};
		899649D41AD9DE0E0011EED3 /* Build configuration list for PBXNativeTarget "Ch33Appliances" */ = {
			isa = XCConfigurationList;
			buildConfigurations = (
				899649D51AD9DE0E0011EED3 /* Debug */,
				899649D61AD9DE0E0011EED3 /* Release */,
			);
			defaultConfigurationIsVisible = 0;
			defaultConfigurationName = Release;
		};
/* End XCConfigurationList section */
	};
	rootObject = 899649C51AD9DE0E0011EED3 /* Project object */;
}
